{
    "version": 3,
    "terraform_version": "0.10.8",
    "serial": 4,
    "lineage": "3f0f99a2-0739-4dbe-b743-50a61238fe77",
    "modules": [
        {
            "path": [
                "root"
            ],
            "outputs": {},
            "resources": {},
            "depends_on": []
        },
        {
            "path": [
                "root",
                "autoscaling_groups"
            ],
            "outputs": {},
            "resources": {},
            "depends_on": []
        },
        {
            "path": [
                "root",
                "launch_configurations"
            ],
            "outputs": {},
            "resources": {},
            "depends_on": []
        },
        {
            "path": [
                "root",
                "load_balancers"
            ],
            "outputs": {
                "webapp_elb_name": {
                    "sensitive": false,
                    "type": "string",
                    "value": "demo-webapp-elb"
                }
            },
            "resources": {},
            "depends_on": []
        },
        {
            "path": [
                "root",
                "network"
            ],
            "outputs": {
                "public_subnet_id": {
                    "sensitive": false,
                    "type": "string",
                    "value": "subnet-a4d09bc0"
                }
            },
            "resources": {
                "aws_internet_gateway.vpc_main": {
                    "type": "aws_internet_gateway",
                    "depends_on": [],
                    "primary": {
                        "id": "igw-0b3c1b72",
                        "attributes": {
                            "id": "igw-0b3c1b72",
                            "tags.%": "1",
                            "tags.Name": "terraform_igw",
                            "vpc_id": "vpc-2f2f0657"
                        },
                        "meta": {},
                        "tainted": false
                    },
                    "deposed": [],
                    "provider": ""
                },
                "aws_route_table.demo_public": {
                    "type": "aws_route_table",
                    "depends_on": [
                        "aws_internet_gateway.vpc_main"
                    ],
                    "primary": {
                        "id": "rtb-9015b1ed",
                        "attributes": {
                            "id": "rtb-9015b1ed",
                            "propagating_vgws.#": "0",
                            "route.#": "1",
                            "route.2964960669.cidr_block": "0.0.0.0/0",
                            "route.2964960669.egress_only_gateway_id": "",
                            "route.2964960669.gateway_id": "igw-0b3c1b72",
                            "route.2964960669.instance_id": "",
                            "route.2964960669.ipv6_cidr_block": "",
                            "route.2964960669.nat_gateway_id": "",
                            "route.2964960669.network_interface_id": "",
                            "route.2964960669.vpc_peering_connection_id": "",
                            "tags.%": "1",
                            "tags.Name": "terraform_public_subnet_route_table",
                            "vpc_id": "vpc-2f2f0657"
                        },
                        "meta": {},
                        "tainted": false
                    },
                    "deposed": [],
                    "provider": ""
                },
                "aws_route_table_association.demo_public": {
                    "type": "aws_route_table_association",
                    "depends_on": [
                        "aws_route_table.demo_public",
                        "aws_subnet.demo_public"
                    ],
                    "primary": {
                        "id": "rtbassoc-bb26d3c7",
                        "attributes": {
                            "id": "rtbassoc-bb26d3c7",
                            "route_table_id": "rtb-9015b1ed",
                            "subnet_id": "subnet-a4d09bc0"
                        },
                        "meta": {},
                        "tainted": false
                    },
                    "deposed": [],
                    "provider": ""
                },
                "aws_subnet.demo_public": {
                    "type": "aws_subnet",
                    "depends_on": [],
                    "primary": {
                        "id": "subnet-a4d09bc0",
                        "attributes": {
                            "assign_ipv6_address_on_creation": "false",
                            "availability_zone": "us-east-1a",
                            "cidr_block": "10.0.0.0/24",
                            "id": "subnet-a4d09bc0",
                            "map_public_ip_on_launch": "false",
                            "tags.%": "1",
                            "tags.Name": "terraform_public_subnet",
                            "vpc_id": "vpc-2f2f0657"
                        },
                        "meta": {
                            "schema_version": "1"
                        },
                        "tainted": false
                    },
                    "deposed": [],
                    "provider": ""
                }
            },
            "depends_on": []
        },
        {
            "path": [
                "root",
                "security_group"
            ],
            "outputs": {},
            "resources": {},
            "depends_on": []
        }
    ]
}
